// !$*UTF8*$!
{
	archiveVersion = 1;
	classes = {
	};
	objectVersion = 56;
	objects = {

/* Begin PBXBuildFile section */
		A1B2C3D4E5F6010000000201 /* CodexAppMobileApp.swift in Sources */ = {isa = PBXBuildFile; fileRef = A1B2C3D4E5F6010000000101 /* CodexAppMobileApp.swift */; };
		A1B2C3D4E5F6010000000202 /* ContentView.swift in Sources */ = {isa = PBXBuildFile; fileRef = A1B2C3D4E5F6010000000102 /* ContentView.swift */; };
		A1B2C3D4E5F6010000000203 /* CodexAppMobileTests.swift in Sources */ = {isa = PBXBuildFile; fileRef = A1B2C3D4E5F6010000000103 /* CodexAppMobileTests.swift */; };
		A1B2C3D4E5F6010000000204 /* NIOSSH in Frameworks */ = {isa = PBXBuildFile; productRef = A1B2C3D4E5F6010000000801 /* NIOSSH */; };
		A1B2C3D4E5F6010000000205 /* NIOTransportServices in Frameworks */ = {isa = PBXBuildFile; productRef = A1B2C3D4E5F6010000000802 /* NIOTransportServices */; };
		A1B2C3D4E5F6010000000206 /* CodexOrchestration.swift in Sources */ = {isa = PBXBuildFile; fileRef = A1B2C3D4E5F6010000000106 /* CodexOrchestration.swift */; };
		A1B2C3D4E5F6010000000207 /* CodexOrchestrationViews.swift in Sources */ = {isa = PBXBuildFile; fileRef = A1B2C3D4E5F6010000000107 /* CodexOrchestrationViews.swift */; };
		A1B2C3D4E5F6010000000208 /* Assets.xcassets in Resources */ = {isa = PBXBuildFile; fileRef = A1B2C3D4E5F6010000000108 /* Assets.xcassets */; };
		A1B2C3D4E5F6010000000209 /* Textual in Frameworks */ = {isa = PBXBuildFile; productRef = A1B2C3D4E5F6010000000803 /* Textual */; };
		A1B2C3D4E5F6010000000210 /* OrchestrationStores.swift in Sources */ = {isa = PBXBuildFile; fileRef = A1B2C3D4E5F6010000000109 /* OrchestrationStores.swift */; };
		A1B2C3D4E5F6010000000211 /* AppServerDomain.swift in Sources */ = {isa = PBXBuildFile; fileRef = A1B2C3D4E5F6010000000110 /* AppServerDomain.swift */; };
		A1B2C3D4E5F6010000000212 /* AppServerClient.swift in Sources */ = {isa = PBXBuildFile; fileRef = A1B2C3D4E5F6010000000111 /* AppServerClient.swift */; };
		A1B2C3D4E5F6010000000213 /* SessionWorkbenchView.swift in Sources */ = {isa = PBXBuildFile; fileRef = A1B2C3D4E5F6010000000112 /* SessionWorkbenchView.swift */; };
		A1B2C3D4E5F6010000000214 /* HostDiagnosticsView.swift in Sources */ = {isa = PBXBuildFile; fileRef = A1B2C3D4E5F6010000000113 /* HostDiagnosticsView.swift */; };
		A1B2C3D4E5F6010000000215 /* PendingRequestSheet.swift in Sources */ = {isa = PBXBuildFile; fileRef = A1B2C3D4E5F6010000000114 /* PendingRequestSheet.swift */; };
		A1B2C3D4E5F6010000000216 /* SessionWorkbenchSupport.swift in Sources */ = {isa = PBXBuildFile; fileRef = A1B2C3D4E5F6010000000115 /* SessionWorkbenchSupport.swift */; };
/* End PBXBuildFile section */

/* Begin PBXContainerItemProxy section */
		A1B2C3D4E5F6010000000602 /* PBXContainerItemProxy */ = {
			isa = PBXContainerItemProxy;
			containerPortal = A1B2C3D4E5F6010000000001 /* Project object */;
			proxyType = 1;
			remoteGlobalIDString = A1B2C3D4E5F6010000000005;
			remoteInfo = CodexAppMobile;
		};
/* End PBXContainerItemProxy section */

/* Begin PBXFileReference section */
		A1B2C3D4E5F6010000000101 /* CodexAppMobileApp.swift */ = {isa = PBXFileReference; lastKnownFileType = sourcecode.swift; path = App/CodexAppMobileApp.swift; sourceTree = "<group>"; };
		A1B2C3D4E5F6010000000102 /* ContentView.swift */ = {isa = PBXFileReference; lastKnownFileType = sourcecode.swift; path = Features/Terminal/ContentView.swift; sourceTree = "<group>"; };
		A1B2C3D4E5F6010000000103 /* CodexAppMobileTests.swift */ = {isa = PBXFileReference; lastKnownFileType = sourcecode.swift; path = CodexAppMobileTests.swift; sourceTree = "<group>"; };
		A1B2C3D4E5F6010000000104 /* CodexAppMobile.app */ = {isa = PBXFileReference; explicitFileType = wrapper.application; path = CodexAppMobile.app; sourceTree = BUILT_PRODUCTS_DIR; };
		A1B2C3D4E5F6010000000105 /* CodexAppMobileTests.xctest */ = {isa = PBXFileReference; explicitFileType = wrapper.cfbundle; path = CodexAppMobileTests.xctest; sourceTree = BUILT_PRODUCTS_DIR; };
		A1B2C3D4E5F6010000000106 /* CodexOrchestration.swift */ = {isa = PBXFileReference; lastKnownFileType = sourcecode.swift; path = Features/Orchestration/CodexOrchestration.swift; sourceTree = "<group>"; };
		A1B2C3D4E5F6010000000107 /* CodexOrchestrationViews.swift */ = {isa = PBXFileReference; lastKnownFileType = sourcecode.swift; path = Features/Orchestration/CodexOrchestrationViews.swift; sourceTree = "<group>"; };
		A1B2C3D4E5F6010000000108 /* Assets.xcassets */ = {isa = PBXFileReference; lastKnownFileType = folder.assetcatalog; path = Assets.xcassets; sourceTree = "<group>"; };
		A1B2C3D4E5F6010000000109 /* OrchestrationStores.swift */ = {isa = PBXFileReference; lastKnownFileType = sourcecode.swift; path = Features/Orchestration/OrchestrationStores.swift; sourceTree = "<group>"; };
		A1B2C3D4E5F6010000000110 /* AppServerDomain.swift */ = {isa = PBXFileReference; lastKnownFileType = sourcecode.swift; path = Features/Orchestration/AppServerDomain.swift; sourceTree = "<group>"; };
		A1B2C3D4E5F6010000000111 /* AppServerClient.swift */ = {isa = PBXFileReference; lastKnownFileType = sourcecode.swift; path = Features/Orchestration/AppServerClient.swift; sourceTree = "<group>"; };
		A1B2C3D4E5F6010000000112 /* SessionWorkbenchView.swift */ = {isa = PBXFileReference; lastKnownFileType = sourcecode.swift; path = Features/Orchestration/SessionWorkbenchView.swift; sourceTree = "<group>"; };
		A1B2C3D4E5F6010000000113 /* HostDiagnosticsView.swift */ = {isa = PBXFileReference; lastKnownFileType = sourcecode.swift; path = Features/Orchestration/HostDiagnosticsView.swift; sourceTree = "<group>"; };
		A1B2C3D4E5F6010000000114 /* PendingRequestSheet.swift */ = {isa = PBXFileReference; lastKnownFileType = sourcecode.swift; path = Features/Orchestration/PendingRequestSheet.swift; sourceTree = "<group>"; };
		A1B2C3D4E5F6010000000115 /* SessionWorkbenchSupport.swift */ = {isa = PBXFileReference; lastKnownFileType = sourcecode.swift; path = Features/Orchestration/SessionWorkbenchSupport.swift; sourceTree = "<group>"; };
/* End PBXFileReference section */

/* Begin PBXFrameworksBuildPhase section */
		A1B2C3D4E5F6010000000302 /* Frameworks */ = {
			isa = PBXFrameworksBuildPhase;
			buildActionMask = 2147483647;
			files = (
				A1B2C3D4E5F6010000000204 /* NIOSSH in Frameworks */,
				A1B2C3D4E5F6010000000205 /* NIOTransportServices in Frameworks */,
				A1B2C3D4E5F6010000000209 /* Textual in Frameworks */,
			);
			runOnlyForDeploymentPostprocessing = 0;
		};
		A1B2C3D4E5F6010000000305 /* Frameworks */ = {
			isa = PBXFrameworksBuildPhase;
			buildActionMask = 2147483647;
			files = (
			);
			runOnlyForDeploymentPostprocessing = 0;
		};
/* End PBXFrameworksBuildPhase section */

/* Begin PBXGroup section */
		A1B2C3D4E5F6010000000002 = {
			isa = PBXGroup;
			children = (
				A1B2C3D4E5F6010000000007 /* CodexAppMobile */,
				A1B2C3D4E5F6010000000008 /* CodexAppMobileTests */,
				A1B2C3D4E5F6010000000003 /* Products */,
			);
			sourceTree = "<group>";
		};
		A1B2C3D4E5F6010000000003 /* Products */ = {
			isa = PBXGroup;
			children = (
				A1B2C3D4E5F6010000000104 /* CodexAppMobile.app */,
				A1B2C3D4E5F6010000000105 /* CodexAppMobileTests.xctest */,
			);
			name = Products;
			sourceTree = "<group>";
		};
		A1B2C3D4E5F6010000000007 /* CodexAppMobile */ = {
			isa = PBXGroup;
			children = (
				A1B2C3D4E5F6010000000101 /* CodexAppMobileApp.swift */,
				A1B2C3D4E5F6010000000102 /* ContentView.swift */,
				A1B2C3D4E5F6010000000106 /* CodexOrchestration.swift */,
				A1B2C3D4E5F6010000000109 /* OrchestrationStores.swift */,
				A1B2C3D4E5F6010000000110 /* AppServerDomain.swift */,
				A1B2C3D4E5F6010000000111 /* AppServerClient.swift */,
				A1B2C3D4E5F6010000000107 /* CodexOrchestrationViews.swift */,
				A1B2C3D4E5F6010000000112 /* SessionWorkbenchView.swift */,
				A1B2C3D4E5F6010000000113 /* HostDiagnosticsView.swift */,
				A1B2C3D4E5F6010000000114 /* PendingRequestSheet.swift */,
				A1B2C3D4E5F6010000000115 /* SessionWorkbenchSupport.swift */,
				A1B2C3D4E5F6010000000108 /* Assets.xcassets */,
			);
			path = CodexAppMobile;
			sourceTree = "<group>";
		};
		A1B2C3D4E5F6010000000008 /* CodexAppMobileTests */ = {
			isa = PBXGroup;
			children = (
				A1B2C3D4E5F6010000000103 /* CodexAppMobileTests.swift */,
			);
			path = CodexAppMobileTests;
			sourceTree = "<group>";
		};
/* End PBXGroup section */

/* Begin PBXNativeTarget section */
		A1B2C3D4E5F6010000000005 /* CodexAppMobile */ = {
			isa = PBXNativeTarget;
			buildConfigurationList = A1B2C3D4E5F6010000000401 /* Build configuration list for PBXNativeTarget "CodexAppMobile" */;
			buildPhases = (
				A1B2C3D4E5F6010000000301 /* Sources */,
				A1B2C3D4E5F6010000000302 /* Frameworks */,
				A1B2C3D4E5F6010000000303 /* Resources */,
			);
			buildRules = (
			);
			dependencies = (
			);
			name = CodexAppMobile;
			packageProductDependencies = (
				A1B2C3D4E5F6010000000801 /* NIOSSH */,
				A1B2C3D4E5F6010000000802 /* NIOTransportServices */,
				A1B2C3D4E5F6010000000803 /* Textual */,
			);
			productName = CodexAppMobile;
			productReference = A1B2C3D4E5F6010000000104 /* CodexAppMobile.app */;
			productType = "com.apple.product-type.application";
		};
		A1B2C3D4E5F6010000000006 /* CodexAppMobileTests */ = {
			isa = PBXNativeTarget;
			buildConfigurationList = A1B2C3D4E5F6010000000402 /* Build configuration list for PBXNativeTarget "CodexAppMobileTests" */;
			buildPhases = (
				A1B2C3D4E5F6010000000304 /* Sources */,
				A1B2C3D4E5F6010000000305 /* Frameworks */,
				A1B2C3D4E5F6010000000306 /* Resources */,
			);
			buildRules = (
			);
			dependencies = (
				A1B2C3D4E5F6010000000601 /* PBXTargetDependency */,
			);
			name = CodexAppMobileTests;
			packageProductDependencies = (
			);
			productName = CodexAppMobileTests;
			productReference = A1B2C3D4E5F6010000000105 /* CodexAppMobileTests.xctest */;
			productType = "com.apple.product-type.bundle.unit-test";
		};
/* End PBXNativeTarget section */

/* Begin PBXProject section */
		A1B2C3D4E5F6010000000001 /* Project object */ = {
			isa = PBXProject;
			attributes = {
				BuildIndependentTargetsInParallel = YES;
				LastSwiftUpdateCheck = 2602;
				LastUpgradeCheck = 2620;
				TargetAttributes = {
					A1B2C3D4E5F6010000000005 = {
						CreatedOnToolsVersion = 26.2;
					};
					A1B2C3D4E5F6010000000006 = {
						CreatedOnToolsVersion = 26.2;
						TestTargetID = A1B2C3D4E5F6010000000005;
					};
				};
			};
			buildConfigurationList = A1B2C3D4E5F6010000000004 /* Build configuration list for PBXProject "CodexAppMobile" */;
			compatibilityVersion = "Xcode 14.0";
			developmentRegion = en;
			hasScannedForEncodings = 0;
			knownRegions = (
				en,
				Base,
			);
			mainGroup = A1B2C3D4E5F6010000000002;
			packageReferences = (
				A1B2C3D4E5F6010000000701 /* XCRemoteSwiftPackageReference "swift-nio-ssh" */,
				A1B2C3D4E5F6010000000702 /* XCRemoteSwiftPackageReference "swift-nio-transport-services" */,
				A1B2C3D4E5F6010000000703 /* XCRemoteSwiftPackageReference "textual" */,
			);
			productRefGroup = A1B2C3D4E5F6010000000003 /* Products */;
			projectDirPath = "";
			projectRoot = "";
			targets = (
				A1B2C3D4E5F6010000000005 /* CodexAppMobile */,
				A1B2C3D4E5F6010000000006 /* CodexAppMobileTests */,
			);
		};
/* End PBXProject section */

/* Begin PBXResourcesBuildPhase section */
		A1B2C3D4E5F6010000000303 /* Resources */ = {
			isa = PBXResourcesBuildPhase;
			buildActionMask = 2147483647;
			files = (
				A1B2C3D4E5F6010000000208 /* Assets.xcassets in Resources */,
			);
			runOnlyForDeploymentPostprocessing = 0;
		};
		A1B2C3D4E5F6010000000306 /* Resources */ = {
			isa = PBXResourcesBuildPhase;
			buildActionMask = 2147483647;
			files = (
			);
			runOnlyForDeploymentPostprocessing = 0;
		};
/* End PBXResourcesBuildPhase section */

/* Begin PBXSourcesBuildPhase section */
		A1B2C3D4E5F6010000000301 /* Sources */ = {
			isa = PBXSourcesBuildPhase;
			buildActionMask = 2147483647;
			files = (
				A1B2C3D4E5F6010000000201 /* CodexAppMobileApp.swift in Sources */,
				A1B2C3D4E5F6010000000202 /* ContentView.swift in Sources */,
				A1B2C3D4E5F6010000000206 /* CodexOrchestration.swift in Sources */,
				A1B2C3D4E5F6010000000210 /* OrchestrationStores.swift in Sources */,
				A1B2C3D4E5F6010000000211 /* AppServerDomain.swift in Sources */,
				A1B2C3D4E5F6010000000212 /* AppServerClient.swift in Sources */,
				A1B2C3D4E5F6010000000207 /* CodexOrchestrationViews.swift in Sources */,
				A1B2C3D4E5F6010000000213 /* SessionWorkbenchView.swift in Sources */,
				A1B2C3D4E5F6010000000214 /* HostDiagnosticsView.swift in Sources */,
				A1B2C3D4E5F6010000000215 /* PendingRequestSheet.swift in Sources */,
				A1B2C3D4E5F6010000000216 /* SessionWorkbenchSupport.swift in Sources */,
			);
			runOnlyForDeploymentPostprocessing = 0;
		};
		A1B2C3D4E5F6010000000304 /* Sources */ = {
			isa = PBXSourcesBuildPhase;
			buildActionMask = 2147483647;
			files = (
				A1B2C3D4E5F6010000000203 /* CodexAppMobileTests.swift in Sources */,
			);
			runOnlyForDeploymentPostprocessing = 0;
		};
/* End PBXSourcesBuildPhase section */

/* Begin PBXTargetDependency section */
		A1B2C3D4E5F6010000000601 /* PBXTargetDependency */ = {
			isa = PBXTargetDependency;
			target = A1B2C3D4E5F6010000000005 /* CodexAppMobile */;
			targetProxy = A1B2C3D4E5F6010000000602 /* PBXContainerItemProxy */;
		};
/* End PBXTargetDependency section */

/* Begin XCBuildConfiguration section */
		A1B2C3D4E5F6010000000501 /* Debug */ = {
			isa = XCBuildConfiguration;
			buildSettings = {
				CLANG_ENABLE_MODULES = YES;
				CLANG_WARN_BLOCK_CAPTURE_AUTORELEASING = YES;
				CLANG_WARN_BOOL_CONVERSION = YES;
				CLANG_WARN_COMMA = YES;
				CLANG_WARN_CONSTANT_CONVERSION = YES;
				CLANG_WARN_DEPRECATED_OBJC_IMPLEMENTATIONS = YES;
				CLANG_WARN_EMPTY_BODY = YES;
				CLANG_WARN_ENUM_CONVERSION = YES;
				CLANG_WARN_INFINITE_RECURSION = YES;
				CLANG_WARN_INT_CONVERSION = YES;
				CLANG_WARN_NON_LITERAL_NULL_CONVERSION = YES;
				CLANG_WARN_OBJC_IMPLICIT_RETAIN_SELF = YES;
				CLANG_WARN_OBJC_LITERAL_CONVERSION = YES;
				CLANG_WARN_QUOTED_INCLUDE_IN_FRAMEWORK_HEADER = YES;
				CLANG_WARN_RANGE_LOOP_ANALYSIS = YES;
				CLANG_WARN_STRICT_PROTOTYPES = YES;
				CLANG_WARN_SUSPICIOUS_MOVE = YES;
				CLANG_WARN_UNREACHABLE_CODE = YES;
				CLANG_WARN__DUPLICATE_METHOD_MATCH = YES;
				DEVELOPMENT_TEAM = R8R4GA36NK;
				ENABLE_STRICT_OBJC_MSGSEND = YES;
				ENABLE_TESTABILITY = YES;
				ENABLE_USER_SCRIPT_SANDBOXING = YES;
				GCC_C_LANGUAGE_STANDARD = gnu17;
				GCC_NO_COMMON_BLOCKS = YES;
				GCC_WARN_64_TO_32_BIT_CONVERSION = YES;
				GCC_WARN_ABOUT_RETURN_TYPE = YES;
				GCC_WARN_UNDECLARED_SELECTOR = YES;
				GCC_WARN_UNINITIALIZED_AUTOS = YES;
				GCC_WARN_UNUSED_FUNCTION = YES;
				GCC_WARN_UNUSED_VARIABLE = YES;
				IPHONEOS_DEPLOYMENT_TARGET = 18.0;
				ONLY_ACTIVE_ARCH = YES;
				SDKROOT = iphoneos;
				STRING_CATALOG_GENERATE_SYMBOLS = YES;
			};
			name = Debug;
		};
		A1B2C3D4E5F6010000000502 /* Release */ = {
			isa = XCBuildConfiguration;
			buildSettings = {
				CLANG_ENABLE_MODULES = YES;
				CLANG_WARN_BLOCK_CAPTURE_AUTORELEASING = YES;
				CLANG_WARN_BOOL_CONVERSION = YES;
				CLANG_WARN_COMMA = YES;
				CLANG_WARN_CONSTANT_CONVERSION = YES;
				CLANG_WARN_DEPRECATED_OBJC_IMPLEMENTATIONS = YES;
				CLANG_WARN_EMPTY_BODY = YES;
				CLANG_WARN_ENUM_CONVERSION = YES;
				CLANG_WARN_INFINITE_RECURSION = YES;
				CLANG_WARN_INT_CONVERSION = YES;
				CLANG_WARN_NON_LITERAL_NULL_CONVERSION = YES;
				CLANG_WARN_OBJC_IMPLICIT_RETAIN_SELF = YES;
				CLANG_WARN_OBJC_LITERAL_CONVERSION = YES;
				CLANG_WARN_QUOTED_INCLUDE_IN_FRAMEWORK_HEADER = YES;
				CLANG_WARN_RANGE_LOOP_ANALYSIS = YES;
				CLANG_WARN_STRICT_PROTOTYPES = YES;
				CLANG_WARN_SUSPICIOUS_MOVE = YES;
				CLANG_WARN_UNREACHABLE_CODE = YES;
				CLANG_WARN__DUPLICATE_METHOD_MATCH = YES;
				DEVELOPMENT_TEAM = R8R4GA36NK;
				ENABLE_STRICT_OBJC_MSGSEND = YES;
				ENABLE_USER_SCRIPT_SANDBOXING = YES;
				GCC_C_LANGUAGE_STANDARD = gnu17;
				GCC_NO_COMMON_BLOCKS = YES;
				GCC_WARN_64_TO_32_BIT_CONVERSION = YES;
				GCC_WARN_ABOUT_RETURN_TYPE = YES;
				GCC_WARN_UNDECLARED_SELECTOR = YES;
				GCC_WARN_UNINITIALIZED_AUTOS = YES;
				GCC_WARN_UNUSED_FUNCTION = YES;
				GCC_WARN_UNUSED_VARIABLE = YES;
				IPHONEOS_DEPLOYMENT_TARGET = 18.0;
				SDKROOT = iphoneos;
				STRING_CATALOG_GENERATE_SYMBOLS = YES;
			};
			name = Release;
		};
		A1B2C3D4E5F6010000000503 /* Debug */ = {
			isa = XCBuildConfiguration;
			buildSettings = {
				ASSETCATALOG_COMPILER_APPICON_NAME = AppIcon;
				CLANG_ENABLE_OBJC_WEAK = YES;
				CODE_SIGN_STYLE = Automatic;
				CURRENT_PROJECT_VERSION = 1;
				ENABLE_TESTABILITY = YES;
				GENERATE_INFOPLIST_FILE = NO;
				INFOPLIST_FILE = CodexAppMobile/Info.plist;
				IPHONEOS_DEPLOYMENT_TARGET = 18.0;
				LD_RUNPATH_SEARCH_PATHS = (
					"$(inherited)",
					"@executable_path/Frameworks",
				);
				MARKETING_VERSION = 1.0;
				PRODUCT_BUNDLE_IDENTIFIER = com.example.CodexAppMobile;
				PRODUCT_NAME = "$(TARGET_NAME)";
				SUPPORTED_PLATFORMS = "iphoneos iphonesimulator";
				SWIFT_VERSION = 6.0;
				TARGETED_DEVICE_FAMILY = 1;
			};
			name = Debug;
		};
		A1B2C3D4E5F6010000000504 /* Release */ = {
			isa = XCBuildConfiguration;
			buildSettings = {
				ASSETCATALOG_COMPILER_APPICON_NAME = AppIcon;
				CLANG_ENABLE_OBJC_WEAK = YES;
				CODE_SIGN_STYLE = Automatic;
				CURRENT_PROJECT_VERSION = 1;
				GENERATE_INFOPLIST_FILE = NO;
				INFOPLIST_FILE = CodexAppMobile/Info.plist;
				IPHONEOS_DEPLOYMENT_TARGET = 18.0;
				LD_RUNPATH_SEARCH_PATHS = (
					"$(inherited)",
					"@executable_path/Frameworks",
				);
				MARKETING_VERSION = 1.0;
				PRODUCT_BUNDLE_IDENTIFIER = com.example.CodexAppMobile;
				PRODUCT_NAME = "$(TARGET_NAME)";
				SUPPORTED_PLATFORMS = "iphoneos iphonesimulator";
				SWIFT_COMPILATION_MODE = wholemodule;
				SWIFT_VERSION = 6.0;
				TARGETED_DEVICE_FAMILY = 1;
			};
			name = Release;
		};
		A1B2C3D4E5F6010000000505 /* Debug */ = {
			isa = XCBuildConfiguration;
			buildSettings = {
				BUNDLE_LOADER = "$(TEST_HOST)";
				CLANG_ENABLE_OBJC_WEAK = YES;
				CODE_SIGN_STYLE = Automatic;
				GENERATE_INFOPLIST_FILE = YES;
				IPHONEOS_DEPLOYMENT_TARGET = 18.0;
				LD_RUNPATH_SEARCH_PATHS = (
					"$(inherited)",
					"@executable_path/Frameworks",
					"@loader_path/Frameworks",
				);
				PRODUCT_BUNDLE_IDENTIFIER = com.example.CodexAppMobileTests;
				PRODUCT_NAME = "$(TARGET_NAME)";
				SUPPORTED_PLATFORMS = "iphoneos iphonesimulator";
				SWIFT_VERSION = 6.0;
				TARGETED_DEVICE_FAMILY = 1;
				TEST_HOST = "$(BUILT_PRODUCTS_DIR)/CodexAppMobile.app/CodexAppMobile";
			};
			name = Debug;
		};
		A1B2C3D4E5F6010000000506 /* Release */ = {
			isa = XCBuildConfiguration;
			buildSettings = {
				BUNDLE_LOADER = "$(TEST_HOST)";
				CLANG_ENABLE_OBJC_WEAK = YES;
				CODE_SIGN_STYLE = Automatic;
				GENERATE_INFOPLIST_FILE = YES;
				IPHONEOS_DEPLOYMENT_TARGET = 18.0;
				LD_RUNPATH_SEARCH_PATHS = (
					"$(inherited)",
					"@executable_path/Frameworks",
					"@loader_path/Frameworks",
				);
				PRODUCT_BUNDLE_IDENTIFIER = com.example.CodexAppMobileTests;
				PRODUCT_NAME = "$(TARGET_NAME)";
				SUPPORTED_PLATFORMS = "iphoneos iphonesimulator";
				SWIFT_COMPILATION_MODE = wholemodule;
				SWIFT_VERSION = 6.0;
				TARGETED_DEVICE_FAMILY = 1;
				TEST_HOST = "$(BUILT_PRODUCTS_DIR)/CodexAppMobile.app/CodexAppMobile";
			};
			name = Release;
		};
/* End XCBuildConfiguration section */

/* Begin XCConfigurationList section */
		A1B2C3D4E5F6010000000004 /* Build configuration list for PBXProject "CodexAppMobile" */ = {
			isa = XCConfigurationList;
			buildConfigurations = (
				A1B2C3D4E5F6010000000501 /* Debug */,
				A1B2C3D4E5F6010000000502 /* Release */,
			);
			defaultConfigurationIsVisible = 0;
			defaultConfigurationName = Release;
		};
		A1B2C3D4E5F6010000000401 /* Build configuration list for PBXNativeTarget "CodexAppMobile" */ = {
			isa = XCConfigurationList;
			buildConfigurations = (
				A1B2C3D4E5F6010000000503 /* Debug */,
				A1B2C3D4E5F6010000000504 /* Release */,
			);
			defaultConfigurationIsVisible = 0;
			defaultConfigurationName = Release;
		};
		A1B2C3D4E5F6010000000402 /* Build configuration list for PBXNativeTarget "CodexAppMobileTests" */ = {
			isa = XCConfigurationList;
			buildConfigurations = (
				A1B2C3D4E5F6010000000505 /* Debug */,
				A1B2C3D4E5F6010000000506 /* Release */,
			);
			defaultConfigurationIsVisible = 0;
			defaultConfigurationName = Release;
		};
/* End XCConfigurationList section */

/* Begin XCRemoteSwiftPackageReference section */
		A1B2C3D4E5F6010000000701 /* XCRemoteSwiftPackageReference "swift-nio-ssh" */ = {
			isa = XCRemoteSwiftPackageReference;
			repositoryURL = "https://github.com/apple/swift-nio-ssh.git";
			requirement = {
				kind = upToNextMajorVersion;
				minimumVersion = 0.12.0;
			};
		};
		A1B2C3D4E5F6010000000702 /* XCRemoteSwiftPackageReference "swift-nio-transport-services" */ = {
			isa = XCRemoteSwiftPackageReference;
			repositoryURL = "https://github.com/apple/swift-nio-transport-services.git";
			requirement = {
				kind = upToNextMajorVersion;
				minimumVersion = 1.26.0;
			};
		};
		A1B2C3D4E5F6010000000703 /* XCRemoteSwiftPackageReference "textual" */ = {
			isa = XCRemoteSwiftPackageReference;
			repositoryURL = "https://github.com/gonzalezreal/textual.git";
			requirement = {
				kind = upToNextMajorVersion;
				minimumVersion = 0.3.1;
			};
		};
/* End XCRemoteSwiftPackageReference section */

/* Begin XCSwiftPackageProductDependency section */
		A1B2C3D4E5F6010000000801 /* NIOSSH */ = {
			isa = XCSwiftPackageProductDependency;
			package = A1B2C3D4E5F6010000000701 /* XCRemoteSwiftPackageReference "swift-nio-ssh" */;
			productName = NIOSSH;
		};
		A1B2C3D4E5F6010000000802 /* NIOTransportServices */ = {
			isa = XCSwiftPackageProductDependency;
			package = A1B2C3D4E5F6010000000702 /* XCRemoteSwiftPackageReference "swift-nio-transport-services" */;
			productName = NIOTransportServices;
		};
		A1B2C3D4E5F6010000000803 /* Textual */ = {
			isa = XCSwiftPackageProductDependency;
			package = A1B2C3D4E5F6010000000703 /* XCRemoteSwiftPackageReference "textual" */;
			productName = Textual;
		};
/* End XCSwiftPackageProductDependency section */
	};
	rootObject = A1B2C3D4E5F6010000000001 /* Project object */;
}
